
Microsoft Visual Studio Solution File, Format Version 12.00
# Visual Studio 14
VisualStudioVersion = 14.0.24720.0
MinimumVisualStudioVersion = 10.0.40219.1
Project("{FAE04EC0-301F-11D3-BF4B-00C04F79EFBC}") = "IsTableBusy.Core", "IsTableBusy.Core\IsTableBusy.Core.csproj", "{53412638-F2A7-4B91-A8CE-F6799F634D71}"
EndProject
Project("{FAE04EC0-301F-11D3-BF4B-00C04F79EFBC}") = "IsTableBusy.Core.Tests", "IsTableBusy.Core.Tests\IsTableBusy.Core.Tests.csproj", "{1558E94A-5C0C-434B-8B77-5165677FFB4D}"
EndProject
Project("{FAE04EC0-301F-11D3-BF4B-00C04F79EFBC}") = "IsTableBusy.EntityFramework", "IsTableBusy.EntityFramework\IsTableBusy.EntityFramework.csproj", "{C10E7CA0-318D-4777-8922-F6494187F513}"
EndProject
Project("{FAE04EC0-301F-11D3-BF4B-00C04F79EFBC}") = "IsTableBusy.App.Api", "IsTableBusy.App.Api\IsTableBusy.App.Api.csproj", "{306C7AC2-13FE-4C72-A3F1-3BD8F6DA32B8}"
EndProject
Project("{FAE04EC0-301F-11D3-BF4B-00C04F79EFBC}") = "IsTableBusy.App.Web", "IsTableBusy.App.Web\IsTableBusy.App.Web.csproj", "{94D8BAE1-61E2-4A72-AD44-F4661F65A77B}"
EndProject
Project("{2150E333-8FDC-42A3-9474-1A3956D46DE8}") = "ExternalProjects", "ExternalProjects", "{BF5EDCEB-0335-48DB-85D4-7E21129D102F}"
EndProject
Project("{FAE04EC0-301F-11D3-BF4B-00C04F79EFBC}") = "Tazos.Tools.XUnit", "..\..\Tools\Tazos.Tools.XUnit\Tazos.Tools.XUnit.csproj", "{68BB29B5-A07C-4628-8DCE-EBDEA58D2167}"
EndProject
Project("{FAE04EC0-301F-11D3-BF4B-00C04F79EFBC}") = "Tazos.Tools.Extensions.EntityFramework", "..\..\Tools\Tazos.Tools.Extensions.EntityFramework\Tazos.Tools.Extensions.EntityFramework.csproj", "{7CB51056-D9DB-46DE-B76A-A3433AF211A9}"
EndProject
Project("{FAE04EC0-301F-11D3-BF4B-00C04F79EFBC}") = "IsTableBusy.App.RaspberryPi", "IsTableBusy.App.RaspberryPi\IsTableBusy.App.RaspberryPi.csproj", "{79E6207F-7504-4275-BFBD-B16EE7C5E36E}"
EndProject
Project("{FAE04EC0-301F-11D3-BF4B-00C04F79EFBC}") = "IsTableBusy.Device.Core", "IsTableBusy.Device.Core\IsTableBusy.Device.Core.csproj", "{9DD25ED1-7E4F-453F-A920-EAE98720EA01}"
EndProject
Project("{FAE04EC0-301F-11D3-BF4B-00C04F79EFBC}") = "IsTableBusy.Device.Core.Tests", "IsTableBusy.Device.Core.Tests\IsTableBusy.Device.Core.Tests.csproj", "{4E665C7D-DFF7-48F3-B43F-159AEFB55F40}"
EndProject
Global
	GlobalSection(SolutionConfigurationPlatforms) = preSolution
		Debug|Any CPU = Debug|Any CPU
		Debug|ARM = Debug|ARM
		Debug|x64 = Debug|x64
		Debug|x86 = Debug|x86
		Release|Any CPU = Release|Any CPU
		Release|ARM = Release|ARM
		Release|x64 = Release|x64
		Release|x86 = Release|x86
	EndGlobalSection
	GlobalSection(ProjectConfigurationPlatforms) = postSolution
		{53412638-F2A7-4B91-A8CE-F6799F634D71}.Debug|Any CPU.ActiveCfg = Debug|Any CPU
		{53412638-F2A7-4B91-A8CE-F6799F634D71}.Debug|Any CPU.Build.0 = Debug|Any CPU
		{53412638-F2A7-4B91-A8CE-F6799F634D71}.Debug|ARM.ActiveCfg = Debug|Any CPU
		{53412638-F2A7-4B91-A8CE-F6799F634D71}.Debug|ARM.Build.0 = Debug|Any CPU
		{53412638-F2A7-4B91-A8CE-F6799F634D71}.Debug|x64.ActiveCfg = Debug|Any CPU
		{53412638-F2A7-4B91-A8CE-F6799F634D71}.Debug|x64.Build.0 = Debug|Any CPU
		{53412638-F2A7-4B91-A8CE-F6799F634D71}.Debug|x86.ActiveCfg = Debug|Any CPU
		{53412638-F2A7-4B91-A8CE-F6799F634D71}.Debug|x86.Build.0 = Debug|Any CPU
		{53412638-F2A7-4B91-A8CE-F6799F634D71}.Release|Any CPU.ActiveCfg = Release|Any CPU
		{53412638-F2A7-4B91-A8CE-F6799F634D71}.Release|Any CPU.Build.0 = Release|Any CPU
		{53412638-F2A7-4B91-A8CE-F6799F634D71}.Release|ARM.ActiveCfg = Release|Any CPU
		{53412638-F2A7-4B91-A8CE-F6799F634D71}.Release|ARM.Build.0 = Release|Any CPU
		{53412638-F2A7-4B91-A8CE-F6799F634D71}.Release|x64.ActiveCfg = Release|Any CPU
		{53412638-F2A7-4B91-A8CE-F6799F634D71}.Release|x64.Build.0 = Release|Any CPU
		{53412638-F2A7-4B91-A8CE-F6799F634D71}.Release|x86.ActiveCfg = Release|Any CPU
		{53412638-F2A7-4B91-A8CE-F6799F634D71}.Release|x86.Build.0 = Release|Any CPU
		{1558E94A-5C0C-434B-8B77-5165677FFB4D}.Debug|Any CPU.ActiveCfg = Debug|Any CPU
		{1558E94A-5C0C-434B-8B77-5165677FFB4D}.Debug|Any CPU.Build.0 = Debug|Any CPU
		{1558E94A-5C0C-434B-8B77-5165677FFB4D}.Debug|ARM.ActiveCfg = Debug|Any CPU
		{1558E94A-5C0C-434B-8B77-5165677FFB4D}.Debug|ARM.Build.0 = Debug|Any CPU
		{1558E94A-5C0C-434B-8B77-5165677FFB4D}.Debug|x64.ActiveCfg = Debug|Any CPU
		{1558E94A-5C0C-434B-8B77-5165677FFB4D}.Debug|x64.Build.0 = Debug|Any CPU
		{1558E94A-5C0C-434B-8B77-5165677FFB4D}.Debug|x86.ActiveCfg = Debug|Any CPU
		{1558E94A-5C0C-434B-8B77-5165677FFB4D}.Debug|x86.Build.0 = Debug|Any CPU
		{1558E94A-5C0C-434B-8B77-5165677FFB4D}.Release|Any CPU.ActiveCfg = Release|Any CPU
		{1558E94A-5C0C-434B-8B77-5165677FFB4D}.Release|Any CPU.Build.0 = Release|Any CPU
		{1558E94A-5C0C-434B-8B77-5165677FFB4D}.Release|ARM.ActiveCfg = Release|Any CPU
		{1558E94A-5C0C-434B-8B77-5165677FFB4D}.Release|ARM.Build.0 = Release|Any CPU
		{1558E94A-5C0C-434B-8B77-5165677FFB4D}.Release|x64.ActiveCfg = Release|Any CPU
		{1558E94A-5C0C-434B-8B77-5165677FFB4D}.Release|x64.Build.0 = Release|Any CPU
		{1558E94A-5C0C-434B-8B77-5165677FFB4D}.Release|x86.ActiveCfg = Release|Any CPU
		{1558E94A-5C0C-434B-8B77-5165677FFB4D}.Release|x86.Build.0 = Release|Any CPU
		{C10E7CA0-318D-4777-8922-F6494187F513}.Debug|Any CPU.ActiveCfg = Debug|Any CPU
		{C10E7CA0-318D-4777-8922-F6494187F513}.Debug|Any CPU.Build.0 = Debug|Any CPU
		{C10E7CA0-318D-4777-8922-F6494187F513}.Debug|ARM.ActiveCfg = Debug|Any CPU
		{C10E7CA0-318D-4777-8922-F6494187F513}.Debug|ARM.Build.0 = Debug|Any CPU
		{C10E7CA0-318D-4777-8922-F6494187F513}.Debug|x64.ActiveCfg = Debug|Any CPU
		{C10E7CA0-318D-4777-8922-F6494187F513}.Debug|x64.Build.0 = Debug|Any CPU
		{C10E7CA0-318D-4777-8922-F6494187F513}.Debug|x86.ActiveCfg = Debug|Any CPU
		{C10E7CA0-318D-4777-8922-F6494187F513}.Debug|x86.Build.0 = Debug|Any CPU
		{C10E7CA0-318D-4777-8922-F6494187F513}.Release|Any CPU.ActiveCfg = Release|Any CPU
		{C10E7CA0-318D-4777-8922-F6494187F513}.Release|Any CPU.Build.0 = Release|Any CPU
		{C10E7CA0-318D-4777-8922-F6494187F513}.Release|ARM.ActiveCfg = Release|Any CPU
		{C10E7CA0-318D-4777-8922-F6494187F513}.Release|ARM.Build.0 = Release|Any CPU
		{C10E7CA0-318D-4777-8922-F6494187F513}.Release|x64.ActiveCfg = Release|Any CPU
		{C10E7CA0-318D-4777-8922-F6494187F513}.Release|x64.Build.0 = Release|Any CPU
		{C10E7CA0-318D-4777-8922-F6494187F513}.Release|x86.ActiveCfg = Release|Any CPU
		{C10E7CA0-318D-4777-8922-F6494187F513}.Release|x86.Build.0 = Release|Any CPU
		{306C7AC2-13FE-4C72-A3F1-3BD8F6DA32B8}.Debug|Any CPU.ActiveCfg = Debug|Any CPU
		{306C7AC2-13FE-4C72-A3F1-3BD8F6DA32B8}.Debug|Any CPU.Build.0 = Debug|Any CPU
		{306C7AC2-13FE-4C72-A3F1-3BD8F6DA32B8}.Debug|ARM.ActiveCfg = Debug|Any CPU
		{306C7AC2-13FE-4C72-A3F1-3BD8F6DA32B8}.Debug|ARM.Build.0 = Debug|Any CPU
		{306C7AC2-13FE-4C72-A3F1-3BD8F6DA32B8}.Debug|x64.ActiveCfg = Debug|Any CPU
		{306C7AC2-13FE-4C72-A3F1-3BD8F6DA32B8}.Debug|x64.Build.0 = Debug|Any CPU
		{306C7AC2-13FE-4C72-A3F1-3BD8F6DA32B8}.Debug|x86.ActiveCfg = Debug|Any CPU
		{306C7AC2-13FE-4C72-A3F1-3BD8F6DA32B8}.Debug|x86.Build.0 = Debug|Any CPU
		{306C7AC2-13FE-4C72-A3F1-3BD8F6DA32B8}.Release|Any CPU.ActiveCfg = Release|Any CPU
		{306C7AC2-13FE-4C72-A3F1-3BD8F6DA32B8}.Release|Any CPU.Build.0 = Release|Any CPU
		{306C7AC2-13FE-4C72-A3F1-3BD8F6DA32B8}.Release|ARM.ActiveCfg = Release|Any CPU
		{306C7AC2-13FE-4C72-A3F1-3BD8F6DA32B8}.Release|ARM.Build.0 = Release|Any CPU
		{306C7AC2-13FE-4C72-A3F1-3BD8F6DA32B8}.Release|x64.ActiveCfg = Release|Any CPU
		{306C7AC2-13FE-4C72-A3F1-3BD8F6DA32B8}.Release|x64.Build.0 = Release|Any CPU
		{306C7AC2-13FE-4C72-A3F1-3BD8F6DA32B8}.Release|x86.ActiveCfg = Release|Any CPU
		{306C7AC2-13FE-4C72-A3F1-3BD8F6DA32B8}.Release|x86.Build.0 = Release|Any CPU
		{94D8BAE1-61E2-4A72-AD44-F4661F65A77B}.Debug|Any CPU.ActiveCfg = Debug|Any CPU
		{94D8BAE1-61E2-4A72-AD44-F4661F65A77B}.Debug|Any CPU.Build.0 = Debug|Any CPU
		{94D8BAE1-61E2-4A72-AD44-F4661F65A77B}.Debug|ARM.ActiveCfg = Debug|Any CPU
		{94D8BAE1-61E2-4A72-AD44-F4661F65A77B}.Debug|ARM.Build.0 = Debug|Any CPU
		{94D8BAE1-61E2-4A72-AD44-F4661F65A77B}.Debug|x64.ActiveCfg = Debug|Any CPU
		{94D8BAE1-61E2-4A72-AD44-F4661F65A77B}.Debug|x64.Build.0 = Debug|Any CPU
		{94D8BAE1-61E2-4A72-AD44-F4661F65A77B}.Debug|x86.ActiveCfg = Debug|Any CPU
		{94D8BAE1-61E2-4A72-AD44-F4661F65A77B}.Debug|x86.Build.0 = Debug|Any CPU
		{94D8BAE1-61E2-4A72-AD44-F4661F65A77B}.Release|Any CPU.ActiveCfg = Release|Any CPU
		{94D8BAE1-61E2-4A72-AD44-F4661F65A77B}.Release|Any CPU.Build.0 = Release|Any CPU
		{94D8BAE1-61E2-4A72-AD44-F4661F65A77B}.Release|ARM.ActiveCfg = Release|Any CPU
		{94D8BAE1-61E2-4A72-AD44-F4661F65A77B}.Release|ARM.Build.0 = Release|Any CPU
		{94D8BAE1-61E2-4A72-AD44-F4661F65A77B}.Release|x64.ActiveCfg = Release|Any CPU
		{94D8BAE1-61E2-4A72-AD44-F4661F65A77B}.Release|x64.Build.0 = Release|Any CPU
		{94D8BAE1-61E2-4A72-AD44-F4661F65A77B}.Release|x86.ActiveCfg = Release|Any CPU
		{94D8BAE1-61E2-4A72-AD44-F4661F65A77B}.Release|x86.Build.0 = Release|Any CPU
		{68BB29B5-A07C-4628-8DCE-EBDEA58D2167}.Debug|Any CPU.ActiveCfg = Debug|Any CPU
		{68BB29B5-A07C-4628-8DCE-EBDEA58D2167}.Debug|Any CPU.Build.0 = Debug|Any CPU
		{68BB29B5-A07C-4628-8DCE-EBDEA58D2167}.Debug|ARM.ActiveCfg = Debug|Any CPU
		{68BB29B5-A07C-4628-8DCE-EBDEA58D2167}.Debug|ARM.Build.0 = Debug|Any CPU
		{68BB29B5-A07C-4628-8DCE-EBDEA58D2167}.Debug|x64.ActiveCfg = Debug|Any CPU
		{68BB29B5-A07C-4628-8DCE-EBDEA58D2167}.Debug|x64.Build.0 = Debug|Any CPU
		{68BB29B5-A07C-4628-8DCE-EBDEA58D2167}.Debug|x86.ActiveCfg = Debug|Any CPU
		{68BB29B5-A07C-4628-8DCE-EBDEA58D2167}.Debug|x86.Build.0 = Debug|Any CPU
		{68BB29B5-A07C-4628-8DCE-EBDEA58D2167}.Release|Any CPU.ActiveCfg = Release|Any CPU
		{68BB29B5-A07C-4628-8DCE-EBDEA58D2167}.Release|Any CPU.Build.0 = Release|Any CPU
		{68BB29B5-A07C-4628-8DCE-EBDEA58D2167}.Release|ARM.ActiveCfg = Release|Any CPU
		{68BB29B5-A07C-4628-8DCE-EBDEA58D2167}.Release|ARM.Build.0 = Release|Any CPU
		{68BB29B5-A07C-4628-8DCE-EBDEA58D2167}.Release|x64.ActiveCfg = Release|Any CPU
		{68BB29B5-A07C-4628-8DCE-EBDEA58D2167}.Release|x64.Build.0 = Release|Any CPU
		{68BB29B5-A07C-4628-8DCE-EBDEA58D2167}.Release|x86.ActiveCfg = Release|Any CPU
		{68BB29B5-A07C-4628-8DCE-EBDEA58D2167}.Release|x86.Build.0 = Release|Any CPU
		{7CB51056-D9DB-46DE-B76A-A3433AF211A9}.Debug|Any CPU.ActiveCfg = Debug|Any CPU
		{7CB51056-D9DB-46DE-B76A-A3433AF211A9}.Debug|Any CPU.Build.0 = Debug|Any CPU
		{7CB51056-D9DB-46DE-B76A-A3433AF211A9}.Debug|ARM.ActiveCfg = Debug|Any CPU
		{7CB51056-D9DB-46DE-B76A-A3433AF211A9}.Debug|ARM.Build.0 = Debug|Any CPU
		{7CB51056-D9DB-46DE-B76A-A3433AF211A9}.Debug|x64.ActiveCfg = Debug|Any CPU
		{7CB51056-D9DB-46DE-B76A-A3433AF211A9}.Debug|x64.Build.0 = Debug|Any CPU
		{7CB51056-D9DB-46DE-B76A-A3433AF211A9}.Debug|x86.ActiveCfg = Debug|Any CPU
		{7CB51056-D9DB-46DE-B76A-A3433AF211A9}.Debug|x86.Build.0 = Debug|Any CPU
		{7CB51056-D9DB-46DE-B76A-A3433AF211A9}.Release|Any CPU.ActiveCfg = Release|Any CPU
		{7CB51056-D9DB-46DE-B76A-A3433AF211A9}.Release|Any CPU.Build.0 = Release|Any CPU
		{7CB51056-D9DB-46DE-B76A-A3433AF211A9}.Release|ARM.ActiveCfg = Release|Any CPU
		{7CB51056-D9DB-46DE-B76A-A3433AF211A9}.Release|ARM.Build.0 = Release|Any CPU
		{7CB51056-D9DB-46DE-B76A-A3433AF211A9}.Release|x64.ActiveCfg = Release|Any CPU
		{7CB51056-D9DB-46DE-B76A-A3433AF211A9}.Release|x64.Build.0 = Release|Any CPU
		{7CB51056-D9DB-46DE-B76A-A3433AF211A9}.Release|x86.ActiveCfg = Release|Any CPU
		{7CB51056-D9DB-46DE-B76A-A3433AF211A9}.Release|x86.Build.0 = Release|Any CPU
		{79E6207F-7504-4275-BFBD-B16EE7C5E36E}.Debug|Any CPU.ActiveCfg = Debug|x86
		{79E6207F-7504-4275-BFBD-B16EE7C5E36E}.Debug|ARM.ActiveCfg = Debug|ARM
		{79E6207F-7504-4275-BFBD-B16EE7C5E36E}.Debug|ARM.Build.0 = Debug|ARM
		{79E6207F-7504-4275-BFBD-B16EE7C5E36E}.Debug|ARM.Deploy.0 = Debug|ARM
		{79E6207F-7504-4275-BFBD-B16EE7C5E36E}.Debug|x64.ActiveCfg = Debug|x64
		{79E6207F-7504-4275-BFBD-B16EE7C5E36E}.Debug|x64.Build.0 = Debug|x64
		{79E6207F-7504-4275-BFBD-B16EE7C5E36E}.Debug|x64.Deploy.0 = Debug|x64
		{79E6207F-7504-4275-BFBD-B16EE7C5E36E}.Debug|x86.ActiveCfg = Debug|x86
		{79E6207F-7504-4275-BFBD-B16EE7C5E36E}.Debug|x86.Build.0 = Debug|x86
		{79E6207F-7504-4275-BFBD-B16EE7C5E36E}.Debug|x86.Deploy.0 = Debug|x86
		{79E6207F-7504-4275-BFBD-B16EE7C5E36E}.Release|Any CPU.ActiveCfg = Release|x86
		{79E6207F-7504-4275-BFBD-B16EE7C5E36E}.Release|ARM.ActiveCfg = Release|ARM
		{79E6207F-7504-4275-BFBD-B16EE7C5E36E}.Release|ARM.Build.0 = Release|ARM
		{79E6207F-7504-4275-BFBD-B16EE7C5E36E}.Release|ARM.Deploy.0 = Release|ARM
		{79E6207F-7504-4275-BFBD-B16EE7C5E36E}.Release|x64.ActiveCfg = Release|x64
		{79E6207F-7504-4275-BFBD-B16EE7C5E36E}.Release|x64.Build.0 = Release|x64
		{79E6207F-7504-4275-BFBD-B16EE7C5E36E}.Release|x64.Deploy.0 = Release|x64
		{79E6207F-7504-4275-BFBD-B16EE7C5E36E}.Release|x86.ActiveCfg = Release|x86
		{79E6207F-7504-4275-BFBD-B16EE7C5E36E}.Release|x86.Build.0 = Release|x86
		{79E6207F-7504-4275-BFBD-B16EE7C5E36E}.Release|x86.Deploy.0 = Release|x86
		{9DD25ED1-7E4F-453F-A920-EAE98720EA01}.Debug|Any CPU.ActiveCfg = Debug|Any CPU
		{9DD25ED1-7E4F-453F-A920-EAE98720EA01}.Debug|Any CPU.Build.0 = Debug|Any CPU
		{9DD25ED1-7E4F-453F-A920-EAE98720EA01}.Debug|ARM.ActiveCfg = Debug|Any CPU
		{9DD25ED1-7E4F-453F-A920-EAE98720EA01}.Debug|ARM.Build.0 = Debug|Any CPU
		{9DD25ED1-7E4F-453F-A920-EAE98720EA01}.Debug|x64.ActiveCfg = Debug|Any CPU
		{9DD25ED1-7E4F-453F-A920-EAE98720EA01}.Debug|x64.Build.0 = Debug|Any CPU
		{9DD25ED1-7E4F-453F-A920-EAE98720EA01}.Debug|x86.ActiveCfg = Debug|Any CPU
		{9DD25ED1-7E4F-453F-A920-EAE98720EA01}.Debug|x86.Build.0 = Debug|Any CPU
		{9DD25ED1-7E4F-453F-A920-EAE98720EA01}.Release|Any CPU.ActiveCfg = Release|Any CPU
		{9DD25ED1-7E4F-453F-A920-EAE98720EA01}.Release|Any CPU.Build.0 = Release|Any CPU
		{9DD25ED1-7E4F-453F-A920-EAE98720EA01}.Release|ARM.ActiveCfg = Release|Any CPU
		{9DD25ED1-7E4F-453F-A920-EAE98720EA01}.Release|ARM.Build.0 = Release|Any CPU
		{9DD25ED1-7E4F-453F-A920-EAE98720EA01}.Release|x64.ActiveCfg = Release|Any CPU
		{9DD25ED1-7E4F-453F-A920-EAE98720EA01}.Release|x64.Build.0 = Release|Any CPU
		{9DD25ED1-7E4F-453F-A920-EAE98720EA01}.Release|x86.ActiveCfg = Release|Any CPU
		{9DD25ED1-7E4F-453F-A920-EAE98720EA01}.Release|x86.Build.0 = Release|Any CPU
		{4E665C7D-DFF7-48F3-B43F-159AEFB55F40}.Debug|Any CPU.ActiveCfg = Debug|Any CPU
		{4E665C7D-DFF7-48F3-B43F-159AEFB55F40}.Debug|Any CPU.Build.0 = Debug|Any CPU
		{4E665C7D-DFF7-48F3-B43F-159AEFB55F40}.Debug|ARM.ActiveCfg = Debug|Any CPU
		{4E665C7D-DFF7-48F3-B43F-159AEFB55F40}.Debug|ARM.Build.0 = Debug|Any CPU
		{4E665C7D-DFF7-48F3-B43F-159AEFB55F40}.Debug|x64.ActiveCfg = Debug|Any CPU
		{4E665C7D-DFF7-48F3-B43F-159AEFB55F40}.Debug|x64.Build.0 = Debug|Any CPU
		{4E665C7D-DFF7-48F3-B43F-159AEFB55F40}.Debug|x86.ActiveCfg = Debug|Any CPU
		{4E665C7D-DFF7-48F3-B43F-159AEFB55F40}.Debug|x86.Build.0 = Debug|Any CPU
		{4E665C7D-DFF7-48F3-B43F-159AEFB55F40}.Release|Any CPU.ActiveCfg = Release|Any CPU
		{4E665C7D-DFF7-48F3-B43F-159AEFB55F40}.Release|Any CPU.Build.0 = Release|Any CPU
		{4E665C7D-DFF7-48F3-B43F-159AEFB55F40}.Release|ARM.ActiveCfg = Release|Any CPU
		{4E665C7D-DFF7-48F3-B43F-159AEFB55F40}.Release|ARM.Build.0 = Release|Any CPU
		{4E665C7D-DFF7-48F3-B43F-159AEFB55F40}.Release|x64.ActiveCfg = Release|Any CPU
		{4E665C7D-DFF7-48F3-B43F-159AEFB55F40}.Release|x64.Build.0 = Release|Any CPU
		{4E665C7D-DFF7-48F3-B43F-159AEFB55F40}.Release|x86.ActiveCfg = Release|Any CPU
		{4E665C7D-DFF7-48F3-B43F-159AEFB55F40}.Release|x86.Build.0 = Release|Any CPU
	EndGlobalSection
	GlobalSection(SolutionProperties) = preSolution
		HideSolutionNode = FALSE
	EndGlobalSection
	GlobalSection(NestedProjects) = preSolution
		{68BB29B5-A07C-4628-8DCE-EBDEA58D2167} = {BF5EDCEB-0335-48DB-85D4-7E21129D102F}
		{7CB51056-D9DB-46DE-B76A-A3433AF211A9} = {BF5EDCEB-0335-48DB-85D4-7E21129D102F}
	EndGlobalSection
EndGlobal
